
Microsoft Visual Studio Solution File, Format Version 12.00
# Visual Studio Version 16
VisualStudioVersion = 16.0.30717.126
MinimumVisualStudioVersion = 10.0.40219.1
Project("{FAE04EC0-301F-11D3-BF4B-00C04F79EFBC}") = "liftoff-storefront", "liftoff-storefront.csproj", "{B5ECF6B4-9DE0-4A32-ACBC-BF6DA98AB0BE}"
EndProject
Global
	GlobalSection(SolutionConfigurationPlatforms) = preSolution
		Debug|Any CPU = Debug|Any CPU
		Release|Any CPU = Release|Any CPU
	EndGlobalSection
	GlobalSection(ProjectConfigurationPlatforms) = postSolution
		{B5ECF6B4-9DE0-4A32-ACBC-BF6DA98AB0BE}.Debug|Any CPU.ActiveCfg = Debug|Any CPU
		{B5ECF6B4-9DE0-4A32-ACBC-BF6DA98AB0BE}.Debug|Any CPU.Build.0 = Debug|Any CPU
		{B5ECF6B4-9DE0-4A32-ACBC-BF6DA98AB0BE}.Release|Any CPU.ActiveCfg = Release|Any CPU
		{B5ECF6B4-9DE0-4A32-ACBC-BF6DA98AB0BE}.Release|Any CPU.Build.0 = Release|Any CPU
	EndGlobalSection
	GlobalSection(SolutionProperties) = preSolution
		HideSolutionNode = FALSE
	EndGlobalSection
	GlobalSection(ExtensibilityGlobals) = postSolution
		SolutionGuid = {B812C8C8-943B-47CF-85BD-E4660D0AFB85}
	EndGlobalSection
EndGlobal
